{
    "_meta": {
        "hash": {
            "sha256": "69b3489cea231fd062a4521c899d114f22bc00034fa62ebb387e055a5bd04347"
        },
        "pipfile-spec": 6,
        "requires": {
            "python_version": "3.6"
        },
        "sources": [
            {
                "name": "pypi",
                "url": "https://pypi.org/simple",
                "verify_ssl": true
            }
        ]
    },
    "default": {},
    "develop": {
        "django-best-templatetags": {
            "path": "."
        }
    }
}
